
Microsoft Visual Studio Solution File, Format Version 12.00
# Visual Studio Version 17
VisualStudioVersion = 17.8.34408.163
MinimumVisualStudioVersion = 10.0.40219.1
Project("{9A19103F-16F7-4668-BE54-9A1E7A4F7556}") = "GameLogic", "GameLogic\GameLogic.csproj", "{2B3D2C15-6028-4DC6-9B98-D87A9223FE8A}"
EndProject
Project("{9A19103F-16F7-4668-BE54-9A1E7A4F7556}") = "GameUI", "StartScreen\GameUI.csproj", "{C63D05F4-50F4-4FAD-81FD-4024BEF73770}"
EndProject
Global
	GlobalSection(SolutionConfigurationPlatforms) = preSolution
		Debug|Any CPU = Debug|Any CPU
		Release|Any CPU = Release|Any CPU
	EndGlobalSection
	GlobalSection(ProjectConfigurationPlatforms) = postSolution
		{2B3D2C15-6028-4DC6-9B98-D87A9223FE8A}.Debug|Any CPU.ActiveCfg = Debug|Any CPU
		{2B3D2C15-6028-4DC6-9B98-D87A9223FE8A}.Debug|Any CPU.Build.0 = Debug|Any CPU
		{2B3D2C15-6028-4DC6-9B98-D87A9223FE8A}.Release|Any CPU.ActiveCfg = Release|Any CPU
		{2B3D2C15-6028-4DC6-9B98-D87A9223FE8A}.Release|Any CPU.Build.0 = Release|Any CPU
		{C63D05F4-50F4-4FAD-81FD-4024BEF73770}.Debug|Any CPU.ActiveCfg = Debug|Any CPU
		{C63D05F4-50F4-4FAD-81FD-4024BEF73770}.Debug|Any CPU.Build.0 = Debug|Any CPU
		{C63D05F4-50F4-4FAD-81FD-4024BEF73770}.Release|Any CPU.ActiveCfg = Release|Any CPU
		{C63D05F4-50F4-4FAD-81FD-4024BEF73770}.Release|Any CPU.Build.0 = Release|Any CPU
	EndGlobalSection
	GlobalSection(SolutionProperties) = preSolution
		HideSolutionNode = FALSE
	EndGlobalSection
	GlobalSection(ExtensibilityGlobals) = postSolution
		SolutionGuid = {9D55C74D-26E0-43BC-AC78-44C06C2F205D}
	EndGlobalSection
EndGlobal
